
Microsoft Visual Studio Solution File, Format Version 12.00
# Visual Studio Version 17
VisualStudioVersion = 17.5.002.0
MinimumVisualStudioVersion = 10.0.40219.1
Project("{9A19103F-16F7-4668-BE54-9A1E7A4F7556}") = "GraphSharp.GoogleOrTools", "GraphSharp.GoogleOrTools.csproj", "{612FB5AD-FFEF-44AA-B01E-616628DA7BBC}"
EndProject
Project("{FAE04EC0-301F-11D3-BF4B-00C04F79EFBC}") = "GraphSharp", "..\GraphSharp\GraphSharp.csproj", "{1D445C97-D1B3-487D-9DCF-A4216D8FC263}"
EndProject
Global
	GlobalSection(SolutionConfigurationPlatforms) = preSolution
		Debug|Any CPU = Debug|Any CPU
		Release|Any CPU = Release|Any CPU
	EndGlobalSection
	GlobalSection(ProjectConfigurationPlatforms) = postSolution
		{612FB5AD-FFEF-44AA-B01E-616628DA7BBC}.Debug|Any CPU.ActiveCfg = Debug|Any CPU
		{612FB5AD-FFEF-44AA-B01E-616628DA7BBC}.Debug|Any CPU.Build.0 = Debug|Any CPU
		{612FB5AD-FFEF-44AA-B01E-616628DA7BBC}.Release|Any CPU.ActiveCfg = Release|Any CPU
		{612FB5AD-FFEF-44AA-B01E-616628DA7BBC}.Release|Any CPU.Build.0 = Release|Any CPU
		{1D445C97-D1B3-487D-9DCF-A4216D8FC263}.Debug|Any CPU.ActiveCfg = Debug|Any CPU
		{1D445C97-D1B3-487D-9DCF-A4216D8FC263}.Debug|Any CPU.Build.0 = Debug|Any CPU
		{1D445C97-D1B3-487D-9DCF-A4216D8FC263}.Release|Any CPU.ActiveCfg = Release|Any CPU
		{1D445C97-D1B3-487D-9DCF-A4216D8FC263}.Release|Any CPU.Build.0 = Release|Any CPU
	EndGlobalSection
	GlobalSection(SolutionProperties) = preSolution
		HideSolutionNode = FALSE
	EndGlobalSection
	GlobalSection(ExtensibilityGlobals) = postSolution
		SolutionGuid = {A764D36A-348E-4BAB-825D-9B1E35E06289}
	EndGlobalSection
EndGlobal
