
Microsoft Visual Studio Solution File, Format Version 12.00
# Visual Studio Version 17
VisualStudioVersion = 17.5.002.0
MinimumVisualStudioVersion = 10.0.40219.1
Project("{9A19103F-16F7-4668-BE54-9A1E7A4F7556}") = "GraphSharp.Tests", "GraphSharp.Tests.csproj", "{AB5FF099-EA61-428E-A5A1-0C782330619C}"
EndProject
Global
	GlobalSection(SolutionConfigurationPlatforms) = preSolution
		Debug|Any CPU = Debug|Any CPU
		Release|Any CPU = Release|Any CPU
	EndGlobalSection
	GlobalSection(ProjectConfigurationPlatforms) = postSolution
		{AB5FF099-EA61-428E-A5A1-0C782330619C}.Debug|Any CPU.ActiveCfg = Debug|Any CPU
		{AB5FF099-EA61-428E-A5A1-0C782330619C}.Debug|Any CPU.Build.0 = Debug|Any CPU
		{AB5FF099-EA61-428E-A5A1-0C782330619C}.Release|Any CPU.ActiveCfg = Release|Any CPU
		{AB5FF099-EA61-428E-A5A1-0C782330619C}.Release|Any CPU.Build.0 = Release|Any CPU
	EndGlobalSection
	GlobalSection(SolutionProperties) = preSolution
		HideSolutionNode = FALSE
	EndGlobalSection
	GlobalSection(ExtensibilityGlobals) = postSolution
		SolutionGuid = {3653BAF8-2702-4652-A304-A853B174EB58}
	EndGlobalSection
EndGlobal
